<Solution>
    <Folder Name="/Crumb/">
        <Project Path="Crumb/Prowl.Crumb.csproj" />
    </Folder>
    <Folder Name="/Tests/">
        <Project Path="Tests/Prowl.Crumb.Tests.csproj" />
    </Folder>
    <Folder Name="/Samples/"/>
    <Folder Name="/Samples/ShaderLab/">
        <Project Path="Samples/ShaderLab/ShaderLab.csproj" />
    </Folder>
</Solution>
